{
  "nodes": {
    "fenix": {
      "inputs": {
        "nixpkgs": [
          "nixpkgs"
        ],
        "rust-analyzer-src": "rust-analyzer-src"
      },
      "locked": {
        "lastModified": 1777624102,
        "narHash": "sha256-thSyElkje577x/kAbP72nHlfiFc1a+tCudskLPHXe9s=",
        "rev": "4d81601e0b73f20d81d066754ad0e7d1e7f75a06",
        "revCount": 2646,
        "type": "tarball",
        "url": "https://api.flakehub.com/f/pinned/nix-community/fenix/0.1.2646%2Brev-4d81601e0b73f20d81d066754ad0e7d1e7f75a06/019de2eb-4157-78e2-99a4-47e0ab7416f5/source.tar.gz"
      },
      "original": {
        "type": "tarball",
        "url": "https://flakehub.com/f/nix-community/fenix/0.1"
      }
    },
    "nixpkgs": {
      "locked": {
        "lastModified": 1779508470,
        "narHash": "sha256-Ap9KJX+5xHIn3bPIpfNgT6MEXdAECECwo4/rmlQD74M=",
        "rev": "29916453413845e54a65b8a1cf996842300cd299",
        "revCount": 1003640,
        "type": "tarball",
        "url": "https://api.flakehub.com/f/pinned/NixOS/nixpkgs/0.1.1003640%2Brev-29916453413845e54a65b8a1cf996842300cd299/019e5626-8c96-7cc1-83dd-de1831a60fd0/source.tar.gz"
      },
      "original": {
        "type": "tarball",
        "url": "https://flakehub.com/f/NixOS/nixpkgs/0.1"
      }
    },
    "root": {
      "inputs": {
        "fenix": "fenix",
        "nixpkgs": "nixpkgs"
      }
    },
    "rust-analyzer-src": {
      "flake": false,
      "locked": {
        "lastModified": 1777583169,
        "narHash": "sha256-dVJ4+wrRKc8oIgp3rLOFSq1obt/sCKlXy3h47qof/w0=",
        "owner": "rust-lang",
        "repo": "rust-analyzer",
        "rev": "aa64e4828a2bbba44463c1229a81c748d3cce583",
        "type": "github"
      },
      "original": {
        "owner": "rust-lang",
        "ref": "nightly",
        "repo": "rust-analyzer",
        "type": "github"
      }
    }
  },
  "root": "root",
  "version": 7
}
